
Microsoft Visual Studio Solution File, Format Version 12.00
# Visual Studio Version 17
VisualStudioVersion = 17.9.34902.65
MinimumVisualStudioVersion = 10.0.40219.1
Project("{FAE04EC0-301F-11D3-BF4B-00C04F79EFBC}") = "MVCproject-Elearning", "MVCproject-Elearning\MVCproject-Elearning.csproj", "{62658014-D7CA-4086-8ECF-A3E10D647C16}"
EndProject
Global
	GlobalSection(SolutionConfigurationPlatforms) = preSolution
		Debug|Any CPU = Debug|Any CPU
		Release|Any CPU = Release|Any CPU
	EndGlobalSection
	GlobalSection(ProjectConfigurationPlatforms) = postSolution
		{62658014-D7CA-4086-8ECF-A3E10D647C16}.Debug|Any CPU.ActiveCfg = Debug|Any CPU
		{62658014-D7CA-4086-8ECF-A3E10D647C16}.Debug|Any CPU.Build.0 = Debug|Any CPU
		{62658014-D7CA-4086-8ECF-A3E10D647C16}.Release|Any CPU.ActiveCfg = Release|Any CPU
		{62658014-D7CA-4086-8ECF-A3E10D647C16}.Release|Any CPU.Build.0 = Release|Any CPU
	EndGlobalSection
	GlobalSection(SolutionProperties) = preSolution
		HideSolutionNode = FALSE
	EndGlobalSection
	GlobalSection(ExtensibilityGlobals) = postSolution
		SolutionGuid = {1096C003-3971-44A1-94EE-AF65B6E885F9}
	EndGlobalSection
EndGlobal
